{
  "name": "blockchain1",
  "version": "1.0.0",
  "lockfileVersion": 1,
  "requires": true,
  "dependencies": {
    "kapitalize": {
      "version": "0.3.3",
      "resolved": "https://registry.npmjs.org/kapitalize/-/kapitalize-0.3.3.tgz",
      "integrity": "sha1-c15H+M7voj0IgELC4fJk5g10kjQ=",
      "dev": true
    }
  }
}
